
Microsoft Visual Studio Solution File, Format Version 12.00
# Visual Studio Version 17
VisualStudioVersion = 17.11.35327.3
MinimumVisualStudioVersion = 10.0.40219.1
Project("{FAE04EC0-301F-11D3-BF4B-00C04F79EFBC}") = "PartialClass", "PartialClass.csproj", "{B753CC71-5D72-4A8A-883E-A8532E68EB57}"
EndProject
Global
	GlobalSection(SolutionConfigurationPlatforms) = preSolution
		Debug|Any CPU = Debug|Any CPU
		Release|Any CPU = Release|Any CPU
	EndGlobalSection
	GlobalSection(ProjectConfigurationPlatforms) = postSolution
		{B753CC71-5D72-4A8A-883E-A8532E68EB57}.Debug|Any CPU.ActiveCfg = Debug|Any CPU
		{B753CC71-5D72-4A8A-883E-A8532E68EB57}.Debug|Any CPU.Build.0 = Debug|Any CPU
		{B753CC71-5D72-4A8A-883E-A8532E68EB57}.Release|Any CPU.ActiveCfg = Release|Any CPU
		{B753CC71-5D72-4A8A-883E-A8532E68EB57}.Release|Any CPU.Build.0 = Release|Any CPU
	EndGlobalSection
	GlobalSection(SolutionProperties) = preSolution
		HideSolutionNode = FALSE
	EndGlobalSection
	GlobalSection(ExtensibilityGlobals) = postSolution
		SolutionGuid = {DDC53920-4EFF-4867-B1CF-953EAEF02D6E}
	EndGlobalSection
EndGlobal
